
Microsoft Visual Studio Solution File, Format Version 12.00
# Visual Studio 2017
Project("{FAE04EC0-301F-11D3-BF4B-00C04F79EFBC}") = "DetectSilhouette", "DetectSilhouette.csproj", "{61543C05-EF89-0508-6B89-7652F583934C}"
EndProject
Project("{FAE04EC0-301F-11D3-BF4B-00C04F79EFBC}") = "DetectSilhouette.Plugins", "DetectSilhouette.Plugins.csproj", "{AE318713-1BEA-D5CF-3D22-8D49F7A05600}"
EndProject
Project("{FAE04EC0-301F-11D3-BF4B-00C04F79EFBC}") = "DetectSilhouette.Editor", "DetectSilhouette.Editor.csproj", "{229377F6-9A15-D32D-4DBF-6B7842A51CF8}"
EndProject
Project("{FAE04EC0-301F-11D3-BF4B-00C04F79EFBC}") = "DetectSilhouette.Editor.Plugins", "DetectSilhouette.Editor.Plugins.csproj", "{5C7E19D0-1D01-14F3-31A8-4062550C6826}"
EndProject
Global
	GlobalSection(SolutionConfigurationPlatforms) = preSolution
		Debug|Any CPU = Debug|Any CPU
		Release|Any CPU = Release|Any CPU
	EndGlobalSection
	GlobalSection(ProjectConfigurationPlatforms) = postSolution
		{61543C05-EF89-0508-6B89-7652F583934C}.Debug|Any CPU.ActiveCfg = Debug|Any CPU
		{61543C05-EF89-0508-6B89-7652F583934C}.Debug|Any CPU.Build.0 = Debug|Any CPU
		{61543C05-EF89-0508-6B89-7652F583934C}.Release|Any CPU.ActiveCfg = Release|Any CPU
		{61543C05-EF89-0508-6B89-7652F583934C}.Release|Any CPU.Build.0 = Release|Any CPU
		{AE318713-1BEA-D5CF-3D22-8D49F7A05600}.Debug|Any CPU.ActiveCfg = Debug|Any CPU
		{AE318713-1BEA-D5CF-3D22-8D49F7A05600}.Debug|Any CPU.Build.0 = Debug|Any CPU
		{AE318713-1BEA-D5CF-3D22-8D49F7A05600}.Release|Any CPU.ActiveCfg = Release|Any CPU
		{AE318713-1BEA-D5CF-3D22-8D49F7A05600}.Release|Any CPU.Build.0 = Release|Any CPU
		{229377F6-9A15-D32D-4DBF-6B7842A51CF8}.Debug|Any CPU.ActiveCfg = Debug|Any CPU
		{229377F6-9A15-D32D-4DBF-6B7842A51CF8}.Debug|Any CPU.Build.0 = Debug|Any CPU
		{229377F6-9A15-D32D-4DBF-6B7842A51CF8}.Release|Any CPU.ActiveCfg = Release|Any CPU
		{229377F6-9A15-D32D-4DBF-6B7842A51CF8}.Release|Any CPU.Build.0 = Release|Any CPU
		{5C7E19D0-1D01-14F3-31A8-4062550C6826}.Debug|Any CPU.ActiveCfg = Debug|Any CPU
		{5C7E19D0-1D01-14F3-31A8-4062550C6826}.Debug|Any CPU.Build.0 = Debug|Any CPU
		{5C7E19D0-1D01-14F3-31A8-4062550C6826}.Release|Any CPU.ActiveCfg = Release|Any CPU
		{5C7E19D0-1D01-14F3-31A8-4062550C6826}.Release|Any CPU.Build.0 = Release|Any CPU
	EndGlobalSection
	GlobalSection(SolutionProperties) = preSolution
		HideSolutionNode = FALSE
	EndGlobalSection
EndGlobal
