
Microsoft Visual Studio Solution File, Format Version 12.00
# Visual Studio 2017
Project("{FAE04EC0-301F-11D3-BF4B-00C04F79EFBC}") = "SilhouetteBlur", "SilhouetteBlur.csproj", "{220F6AE5-9E95-FC0E-00C1-4A7DE0458656}"
EndProject
Project("{FAE04EC0-301F-11D3-BF4B-00C04F79EFBC}") = "SilhouetteBlur.Plugins", "SilhouetteBlur.Plugins.csproj", "{AB6BCF09-11AD-97DA-5496-11624DBDA932}"
EndProject
Project("{FAE04EC0-301F-11D3-BF4B-00C04F79EFBC}") = "SilhouetteBlur.Editor", "SilhouetteBlur.Editor.csproj", "{B0013395-3523-85DC-940B-1B7CAC144744}"
EndProject
Project("{FAE04EC0-301F-11D3-BF4B-00C04F79EFBC}") = "Unity.PackageManagerUI.Editor", "Unity.PackageManagerUI.Editor.csproj", "{6877705C-FBD9-0C4F-5AFB-6FB431E5D39D}"
EndProject
Project("{FAE04EC0-301F-11D3-BF4B-00C04F79EFBC}") = "SilhouetteBlur.Editor.Plugins", "SilhouetteBlur.Editor.Plugins.csproj", "{CD5B1183-0131-2304-6397-ABBDA980DE70}"
EndProject
Project("{FAE04EC0-301F-11D3-BF4B-00C04F79EFBC}") = "UnityEditor.StandardEvents", "UnityEditor.StandardEvents.csproj", "{6800202F-4402-D405-F8CB-03DC7BD78B92}"
EndProject
Global
	GlobalSection(SolutionConfigurationPlatforms) = preSolution
		Debug|Any CPU = Debug|Any CPU
		Release|Any CPU = Release|Any CPU
	EndGlobalSection
	GlobalSection(ProjectConfigurationPlatforms) = postSolution
		{220F6AE5-9E95-FC0E-00C1-4A7DE0458656}.Debug|Any CPU.ActiveCfg = Debug|Any CPU
		{220F6AE5-9E95-FC0E-00C1-4A7DE0458656}.Debug|Any CPU.Build.0 = Debug|Any CPU
		{220F6AE5-9E95-FC0E-00C1-4A7DE0458656}.Release|Any CPU.ActiveCfg = Release|Any CPU
		{220F6AE5-9E95-FC0E-00C1-4A7DE0458656}.Release|Any CPU.Build.0 = Release|Any CPU
		{AB6BCF09-11AD-97DA-5496-11624DBDA932}.Debug|Any CPU.ActiveCfg = Debug|Any CPU
		{AB6BCF09-11AD-97DA-5496-11624DBDA932}.Debug|Any CPU.Build.0 = Debug|Any CPU
		{AB6BCF09-11AD-97DA-5496-11624DBDA932}.Release|Any CPU.ActiveCfg = Release|Any CPU
		{AB6BCF09-11AD-97DA-5496-11624DBDA932}.Release|Any CPU.Build.0 = Release|Any CPU
		{B0013395-3523-85DC-940B-1B7CAC144744}.Debug|Any CPU.ActiveCfg = Debug|Any CPU
		{B0013395-3523-85DC-940B-1B7CAC144744}.Debug|Any CPU.Build.0 = Debug|Any CPU
		{B0013395-3523-85DC-940B-1B7CAC144744}.Release|Any CPU.ActiveCfg = Release|Any CPU
		{B0013395-3523-85DC-940B-1B7CAC144744}.Release|Any CPU.Build.0 = Release|Any CPU
		{6877705C-FBD9-0C4F-5AFB-6FB431E5D39D}.Debug|Any CPU.ActiveCfg = Debug|Any CPU
		{6877705C-FBD9-0C4F-5AFB-6FB431E5D39D}.Debug|Any CPU.Build.0 = Debug|Any CPU
		{6877705C-FBD9-0C4F-5AFB-6FB431E5D39D}.Release|Any CPU.ActiveCfg = Release|Any CPU
		{6877705C-FBD9-0C4F-5AFB-6FB431E5D39D}.Release|Any CPU.Build.0 = Release|Any CPU
		{CD5B1183-0131-2304-6397-ABBDA980DE70}.Debug|Any CPU.ActiveCfg = Debug|Any CPU
		{CD5B1183-0131-2304-6397-ABBDA980DE70}.Debug|Any CPU.Build.0 = Debug|Any CPU
		{CD5B1183-0131-2304-6397-ABBDA980DE70}.Release|Any CPU.ActiveCfg = Release|Any CPU
		{CD5B1183-0131-2304-6397-ABBDA980DE70}.Release|Any CPU.Build.0 = Release|Any CPU
		{6800202F-4402-D405-F8CB-03DC7BD78B92}.Debug|Any CPU.ActiveCfg = Debug|Any CPU
		{6800202F-4402-D405-F8CB-03DC7BD78B92}.Debug|Any CPU.Build.0 = Debug|Any CPU
		{6800202F-4402-D405-F8CB-03DC7BD78B92}.Release|Any CPU.ActiveCfg = Release|Any CPU
		{6800202F-4402-D405-F8CB-03DC7BD78B92}.Release|Any CPU.Build.0 = Release|Any CPU
	EndGlobalSection
	GlobalSection(SolutionProperties) = preSolution
		HideSolutionNode = FALSE
	EndGlobalSection
EndGlobal
